
Microsoft Visual Studio Solution File, Format Version 12.00
# Visual Studio Version 17
VisualStudioVersion = 17.0.31903.59
MinimumVisualStudioVersion = 10.0.40219.1
Project("{FAE04EC0-301F-11D3-BF4B-00C04F79EFBC}") = "DTA.FUS", "Services\DTA.FUS\DTA.FUS.csproj", "{D218D9FD-D1E0-4341-9F27-26E0E87715DA}"
EndProject
Project("{FAE04EC0-301F-11D3-BF4B-00C04F79EFBC}") = "DTA.SRS", "Services\DTA.SRS\DTA.SRS.csproj", "{DA38F4CA-EFED-4CFB-857F-05DAFD3BE7DF}"
EndProject
Project("{FAE04EC0-301F-11D3-BF4B-00C04F79EFBC}") = "DTA.SRS.Integration", "Tests\DTA.SRS.Integration\DTA.SRS.Integration.csproj", "{1E03EB18-719E-4C34-A136-098E586632C4}"
EndProject
Project("{FAE04EC0-301F-11D3-BF4B-00C04F79EFBC}") = "DTA.Models", "Common\DTA.Models\DTA.Models.csproj", "{650E8091-7738-4858-8705-4A83F9A983FB}"
EndProject
Project("{FAE04EC0-301F-11D3-BF4B-00C04F79EFBC}") = "DTA.Extensions.Postgre", "Common\DTA.Extensions.Postgre\DTA.Extensions.Postgre.csproj", "{740E477C-F6EC-4B31-8C2C-3A4B6BDC72FC}"
EndProject
Project("{FAE04EC0-301F-11D3-BF4B-00C04F79EFBC}") = "DTA.FUS.Integration", "Tests\DTA.FUS.Integration\DTA.FUS.Integration.csproj", "{F2392EB1-30E0-4A1C-92E2-A64DE748BB26}"
EndProject
Project("{2150E333-8FDC-42A3-9474-1A3956D46DE8}") = "SolutionItems", "SolutionItems", "{11697C93-ACB1-4FB2-BBD6-DC5DEBAC67F0}"
	ProjectSection(SolutionItems) = preProject
		SolutionItems\Changelog.md = SolutionItems\Changelog.md
		SolutionItems\Directory.Build.props = SolutionItems\Directory.Build.props
		SolutionItems\NuGet.config = SolutionItems\NuGet.config
	EndProjectSection
EndProject
Project("{2150E333-8FDC-42A3-9474-1A3956D46DE8}") = "Services", "Services", "{764E9136-1FC4-4117-B4C7-85861B5B5BB6}"
EndProject
Project("{2150E333-8FDC-42A3-9474-1A3956D46DE8}") = "Common", "Common", "{61F6E956-2CC8-44A2-99F4-9CC8FE37FCF0}"
EndProject
Project("{2150E333-8FDC-42A3-9474-1A3956D46DE8}") = "Tests", "Tests", "{1E336D03-FD67-407B-A727-AA43FA1459F9}"
EndProject
Project("{FAE04EC0-301F-11D3-BF4B-00C04F79EFBC}") = "DTA.BPS", "Services\DTA.BPS\DTA.BPS.csproj", "{D1FD5986-1D7E-49AD-9807-031F2E11458D}"
EndProject
Project("{FAE04EC0-301F-11D3-BF4B-00C04F79EFBC}") = "DTA.EPS", "Services\DTA.EPS\DTA.EPS.csproj", "{C3C2F2CE-7369-4D3A-9F89-4A8250684585}"
EndProject
Project("{FAE04EC0-301F-11D3-BF4B-00C04F79EFBC}") = "DTA.Migrator", "Common\DTA.Migrator\DTA.Migrator.csproj", "{DF0AE898-844D-44F9-ADB9-318910C8F708}"
EndProject
Project("{FAE04EC0-301F-11D3-BF4B-00C04F79EFBC}") = "DTA.Extensions.Telemetry", "Common\DTA.Extensions.Telemetry\DTA.Extensions.Telemetry.csproj", "{66814997-F42A-49AD-9A56-8ABF8A969DA1}"
EndProject
Project("{FAE04EC0-301F-11D3-BF4B-00C04F79EFBC}") = "DTA.Extensions.Swagger", "Common\DTA.Extensions.Swagger\DTA.Extensions.Swagger.csproj", "{58D7B9A3-8171-4DC4-915D-A78F663B6DF5}"
EndProject
Project("{FAE04EC0-301F-11D3-BF4B-00C04F79EFBC}") = "DTA.Extensions.Common", "Common\DTA.Extensions.Common\DTA.Extensions.Common.csproj", "{64851967-48EC-4348-9B56-E2EBA6BA67E2}"
EndProject
Global
	GlobalSection(SolutionConfigurationPlatforms) = preSolution
		Release-JIT|Any CPU = Release-JIT|Any CPU
		Debug-JIT|Any CPU = Debug-JIT|Any CPU
		Release-AOT|Any CPU = Release-AOT|Any CPU
		Debug-AOT|Any CPU = Debug-AOT|Any CPU
	EndGlobalSection
	GlobalSection(ProjectConfigurationPlatforms) = postSolution
		{740E477C-F6EC-4B31-8C2C-3A4B6BDC72FC}.Release-JIT|Any CPU.ActiveCfg = Release-JIT|Any CPU
		{740E477C-F6EC-4B31-8C2C-3A4B6BDC72FC}.Release-JIT|Any CPU.Build.0 = Release-JIT|Any CPU
		{740E477C-F6EC-4B31-8C2C-3A4B6BDC72FC}.Debug-JIT|Any CPU.ActiveCfg = Debug-JIT|Any CPU
		{740E477C-F6EC-4B31-8C2C-3A4B6BDC72FC}.Debug-JIT|Any CPU.Build.0 = Debug-JIT|Any CPU
		{740E477C-F6EC-4B31-8C2C-3A4B6BDC72FC}.Release-AOT|Any CPU.ActiveCfg = Release-AOT|Any CPU
		{740E477C-F6EC-4B31-8C2C-3A4B6BDC72FC}.Release-AOT|Any CPU.Build.0 = Release-AOT|Any CPU
		{740E477C-F6EC-4B31-8C2C-3A4B6BDC72FC}.Debug-AOT|Any CPU.ActiveCfg = Debug-AOT|Any CPU
		{740E477C-F6EC-4B31-8C2C-3A4B6BDC72FC}.Debug-AOT|Any CPU.Build.0 = Debug-AOT|Any CPU
		{D218D9FD-D1E0-4341-9F27-26E0E87715DA}.Release-JIT|Any CPU.ActiveCfg = Release-JIT|Any CPU
		{D218D9FD-D1E0-4341-9F27-26E0E87715DA}.Release-JIT|Any CPU.Build.0 = Release-JIT|Any CPU
		{D218D9FD-D1E0-4341-9F27-26E0E87715DA}.Debug-JIT|Any CPU.ActiveCfg = Debug-JIT|Any CPU
		{D218D9FD-D1E0-4341-9F27-26E0E87715DA}.Debug-JIT|Any CPU.Build.0 = Debug-JIT|Any CPU
		{D218D9FD-D1E0-4341-9F27-26E0E87715DA}.Release-AOT|Any CPU.ActiveCfg = Release-AOT|Any CPU
		{D218D9FD-D1E0-4341-9F27-26E0E87715DA}.Release-AOT|Any CPU.Build.0 = Release-AOT|Any CPU
		{D218D9FD-D1E0-4341-9F27-26E0E87715DA}.Debug-AOT|Any CPU.ActiveCfg = Debug-AOT|Any CPU
		{D218D9FD-D1E0-4341-9F27-26E0E87715DA}.Debug-AOT|Any CPU.Build.0 = Debug-AOT|Any CPU
		{F2392EB1-30E0-4A1C-92E2-A64DE748BB26}.Release-JIT|Any CPU.ActiveCfg = Release-JIT|Any CPU
		{F2392EB1-30E0-4A1C-92E2-A64DE748BB26}.Release-JIT|Any CPU.Build.0 = Release-JIT|Any CPU
		{F2392EB1-30E0-4A1C-92E2-A64DE748BB26}.Debug-JIT|Any CPU.ActiveCfg = Debug-JIT|Any CPU
		{F2392EB1-30E0-4A1C-92E2-A64DE748BB26}.Debug-JIT|Any CPU.Build.0 = Debug-JIT|Any CPU
		{F2392EB1-30E0-4A1C-92E2-A64DE748BB26}.Release-AOT|Any CPU.ActiveCfg = Release-AOT|Any CPU
		{F2392EB1-30E0-4A1C-92E2-A64DE748BB26}.Release-AOT|Any CPU.Build.0 = Release-AOT|Any CPU
		{F2392EB1-30E0-4A1C-92E2-A64DE748BB26}.Debug-AOT|Any CPU.ActiveCfg = Debug-AOT|Any CPU
		{F2392EB1-30E0-4A1C-92E2-A64DE748BB26}.Debug-AOT|Any CPU.Build.0 = Debug-AOT|Any CPU
		{DA38F4CA-EFED-4CFB-857F-05DAFD3BE7DF}.Release-JIT|Any CPU.ActiveCfg = Release-JIT|Any CPU
		{DA38F4CA-EFED-4CFB-857F-05DAFD3BE7DF}.Release-JIT|Any CPU.Build.0 = Release-JIT|Any CPU
		{DA38F4CA-EFED-4CFB-857F-05DAFD3BE7DF}.Debug-JIT|Any CPU.ActiveCfg = Debug-JIT|Any CPU
		{DA38F4CA-EFED-4CFB-857F-05DAFD3BE7DF}.Debug-JIT|Any CPU.Build.0 = Debug-JIT|Any CPU
		{DA38F4CA-EFED-4CFB-857F-05DAFD3BE7DF}.Release-AOT|Any CPU.ActiveCfg = Release-AOT|Any CPU
		{DA38F4CA-EFED-4CFB-857F-05DAFD3BE7DF}.Release-AOT|Any CPU.Build.0 = Release-AOT|Any CPU
		{DA38F4CA-EFED-4CFB-857F-05DAFD3BE7DF}.Debug-AOT|Any CPU.ActiveCfg = Debug-AOT|Any CPU
		{DA38F4CA-EFED-4CFB-857F-05DAFD3BE7DF}.Debug-AOT|Any CPU.Build.0 = Debug-AOT|Any CPU
		{1E03EB18-719E-4C34-A136-098E586632C4}.Release-JIT|Any CPU.ActiveCfg = Release-JIT|Any CPU
		{1E03EB18-719E-4C34-A136-098E586632C4}.Release-JIT|Any CPU.Build.0 = Release-JIT|Any CPU
		{1E03EB18-719E-4C34-A136-098E586632C4}.Debug-JIT|Any CPU.ActiveCfg = Debug-JIT|Any CPU
		{1E03EB18-719E-4C34-A136-098E586632C4}.Debug-JIT|Any CPU.Build.0 = Debug-JIT|Any CPU
		{1E03EB18-719E-4C34-A136-098E586632C4}.Release-AOT|Any CPU.ActiveCfg = Release-AOT|Any CPU
		{1E03EB18-719E-4C34-A136-098E586632C4}.Release-AOT|Any CPU.Build.0 = Release-AOT|Any CPU
		{1E03EB18-719E-4C34-A136-098E586632C4}.Debug-AOT|Any CPU.ActiveCfg = Debug-AOT|Any CPU
		{1E03EB18-719E-4C34-A136-098E586632C4}.Debug-AOT|Any CPU.Build.0 = Debug-AOT|Any CPU
		{650E8091-7738-4858-8705-4A83F9A983FB}.Release-JIT|Any CPU.ActiveCfg = Release-JIT|Any CPU
		{650E8091-7738-4858-8705-4A83F9A983FB}.Release-JIT|Any CPU.Build.0 = Release-JIT|Any CPU
		{650E8091-7738-4858-8705-4A83F9A983FB}.Debug-JIT|Any CPU.ActiveCfg = Debug-JIT|Any CPU
		{650E8091-7738-4858-8705-4A83F9A983FB}.Debug-JIT|Any CPU.Build.0 = Debug-JIT|Any CPU
		{650E8091-7738-4858-8705-4A83F9A983FB}.Release-AOT|Any CPU.ActiveCfg = Release-AOT|Any CPU
		{650E8091-7738-4858-8705-4A83F9A983FB}.Release-AOT|Any CPU.Build.0 = Release-AOT|Any CPU
		{650E8091-7738-4858-8705-4A83F9A983FB}.Debug-AOT|Any CPU.ActiveCfg = Debug-AOT|Any CPU
		{650E8091-7738-4858-8705-4A83F9A983FB}.Debug-AOT|Any CPU.Build.0 = Debug-AOT|Any CPU
		{D1FD5986-1D7E-49AD-9807-031F2E11458D}.Debug-AOT|Any CPU.ActiveCfg = Release-AOT|Any CPU
		{D1FD5986-1D7E-49AD-9807-031F2E11458D}.Debug-AOT|Any CPU.Build.0 = Release-AOT|Any CPU
		{D1FD5986-1D7E-49AD-9807-031F2E11458D}.Debug-JIT|Any CPU.ActiveCfg = Debug-JIT|Any CPU
		{D1FD5986-1D7E-49AD-9807-031F2E11458D}.Debug-JIT|Any CPU.Build.0 = Debug-JIT|Any CPU
		{D1FD5986-1D7E-49AD-9807-031F2E11458D}.Release-JIT|Any CPU.ActiveCfg = Release-JIT|Any CPU
		{D1FD5986-1D7E-49AD-9807-031F2E11458D}.Release-JIT|Any CPU.Build.0 = Release-JIT|Any CPU
		{C3C2F2CE-7369-4D3A-9F89-4A8250684585}.Debug-AOT|Any CPU.ActiveCfg = Release-AOT|Any CPU
		{C3C2F2CE-7369-4D3A-9F89-4A8250684585}.Debug-AOT|Any CPU.Build.0 = Release-AOT|Any CPU
		{C3C2F2CE-7369-4D3A-9F89-4A8250684585}.Debug-JIT|Any CPU.ActiveCfg = Debug-JIT|Any CPU
		{C3C2F2CE-7369-4D3A-9F89-4A8250684585}.Debug-JIT|Any CPU.Build.0 = Debug-JIT|Any CPU
		{C3C2F2CE-7369-4D3A-9F89-4A8250684585}.Release-JIT|Any CPU.ActiveCfg = Release-JIT|Any CPU
		{C3C2F2CE-7369-4D3A-9F89-4A8250684585}.Release-JIT|Any CPU.Build.0 = Release-JIT|Any CPU
		{DF0AE898-844D-44F9-ADB9-318910C8F708}.Debug-AOT|Any CPU.ActiveCfg = Release-AOT|Any CPU
		{DF0AE898-844D-44F9-ADB9-318910C8F708}.Debug-AOT|Any CPU.Build.0 = Release-AOT|Any CPU
		{DF0AE898-844D-44F9-ADB9-318910C8F708}.Debug-JIT|Any CPU.ActiveCfg = Debug-JIT|Any CPU
		{DF0AE898-844D-44F9-ADB9-318910C8F708}.Debug-JIT|Any CPU.Build.0 = Debug-JIT|Any CPU
		{DF0AE898-844D-44F9-ADB9-318910C8F708}.Release-JIT|Any CPU.ActiveCfg = Release-JIT|Any CPU
		{DF0AE898-844D-44F9-ADB9-318910C8F708}.Release-JIT|Any CPU.Build.0 = Release-JIT|Any CPU
		{66814997-F42A-49AD-9A56-8ABF8A969DA1}.Release-AOT|Any CPU.ActiveCfg = Debug|Any CPU
		{66814997-F42A-49AD-9A56-8ABF8A969DA1}.Release-AOT|Any CPU.Build.0 = Debug|Any CPU
		{66814997-F42A-49AD-9A56-8ABF8A969DA1}.Debug-AOT|Any CPU.ActiveCfg = Debug|Any CPU
		{66814997-F42A-49AD-9A56-8ABF8A969DA1}.Debug-AOT|Any CPU.Build.0 = Debug|Any CPU
		{66814997-F42A-49AD-9A56-8ABF8A969DA1}.Release-JIT|Any CPU.ActiveCfg = Release-AOT|Any CPU
		{66814997-F42A-49AD-9A56-8ABF8A969DA1}.Release-JIT|Any CPU.Build.0 = Release-AOT|Any CPU
		{66814997-F42A-49AD-9A56-8ABF8A969DA1}.Debug-JIT|Any CPU.ActiveCfg = Debug-JIT|Any CPU
		{66814997-F42A-49AD-9A56-8ABF8A969DA1}.Debug-JIT|Any CPU.Build.0 = Debug-JIT|Any CPU
		{58D7B9A3-8171-4DC4-915D-A78F663B6DF5}.Release-AOT|Any CPU.ActiveCfg = Debug|Any CPU
		{58D7B9A3-8171-4DC4-915D-A78F663B6DF5}.Release-AOT|Any CPU.Build.0 = Debug|Any CPU
		{58D7B9A3-8171-4DC4-915D-A78F663B6DF5}.Debug-AOT|Any CPU.ActiveCfg = Debug|Any CPU
		{58D7B9A3-8171-4DC4-915D-A78F663B6DF5}.Debug-AOT|Any CPU.Build.0 = Debug|Any CPU
		{58D7B9A3-8171-4DC4-915D-A78F663B6DF5}.Release-JIT|Any CPU.ActiveCfg = Release-AOT|Any CPU
		{58D7B9A3-8171-4DC4-915D-A78F663B6DF5}.Release-JIT|Any CPU.Build.0 = Release-AOT|Any CPU
		{58D7B9A3-8171-4DC4-915D-A78F663B6DF5}.Debug-JIT|Any CPU.ActiveCfg = Debug-JIT|Any CPU
		{58D7B9A3-8171-4DC4-915D-A78F663B6DF5}.Debug-JIT|Any CPU.Build.0 = Debug-JIT|Any CPU
		{64851967-48EC-4348-9B56-E2EBA6BA67E2}.Release-JIT|Any CPU.ActiveCfg = Debug|Any CPU
		{64851967-48EC-4348-9B56-E2EBA6BA67E2}.Release-JIT|Any CPU.Build.0 = Debug|Any CPU
		{64851967-48EC-4348-9B56-E2EBA6BA67E2}.Release-AOT|Any CPU.ActiveCfg = Debug|Any CPU
		{64851967-48EC-4348-9B56-E2EBA6BA67E2}.Release-AOT|Any CPU.Build.0 = Debug|Any CPU
		{64851967-48EC-4348-9B56-E2EBA6BA67E2}.Debug-AOT|Any CPU.ActiveCfg = Debug|Any CPU
		{64851967-48EC-4348-9B56-E2EBA6BA67E2}.Debug-AOT|Any CPU.Build.0 = Debug|Any CPU
		{64851967-48EC-4348-9B56-E2EBA6BA67E2}.Debug-JIT|Any CPU.ActiveCfg = Debug-JIT|Any CPU
		{64851967-48EC-4348-9B56-E2EBA6BA67E2}.Debug-JIT|Any CPU.Build.0 = Debug-JIT|Any CPU
	EndGlobalSection
	GlobalSection(SolutionProperties) = preSolution
		HideSolutionNode = FALSE
	EndGlobalSection
	GlobalSection(NestedProjects) = preSolution
		{D218D9FD-D1E0-4341-9F27-26E0E87715DA} = {764E9136-1FC4-4117-B4C7-85861B5B5BB6}
		{DA38F4CA-EFED-4CFB-857F-05DAFD3BE7DF} = {764E9136-1FC4-4117-B4C7-85861B5B5BB6}
		{650E8091-7738-4858-8705-4A83F9A983FB} = {61F6E956-2CC8-44A2-99F4-9CC8FE37FCF0}
		{740E477C-F6EC-4B31-8C2C-3A4B6BDC72FC} = {61F6E956-2CC8-44A2-99F4-9CC8FE37FCF0}
		{F2392EB1-30E0-4A1C-92E2-A64DE748BB26} = {1E336D03-FD67-407B-A727-AA43FA1459F9}
		{1E03EB18-719E-4C34-A136-098E586632C4} = {1E336D03-FD67-407B-A727-AA43FA1459F9}
		{D1FD5986-1D7E-49AD-9807-031F2E11458D} = {764E9136-1FC4-4117-B4C7-85861B5B5BB6}
		{C3C2F2CE-7369-4D3A-9F89-4A8250684585} = {764E9136-1FC4-4117-B4C7-85861B5B5BB6}
		{DF0AE898-844D-44F9-ADB9-318910C8F708} = {61F6E956-2CC8-44A2-99F4-9CC8FE37FCF0}
		{66814997-F42A-49AD-9A56-8ABF8A969DA1} = {61F6E956-2CC8-44A2-99F4-9CC8FE37FCF0}
		{58D7B9A3-8171-4DC4-915D-A78F663B6DF5} = {61F6E956-2CC8-44A2-99F4-9CC8FE37FCF0}
		{64851967-48EC-4348-9B56-E2EBA6BA67E2} = {61F6E956-2CC8-44A2-99F4-9CC8FE37FCF0}
	EndGlobalSection
EndGlobal
